
Microsoft Visual Studio Solution File, Format Version 12.00
# Visual Studio 2013
VisualStudioVersion = 12.0.31101.0
MinimumVisualStudioVersion = 10.0.40219.1
Project("{FAE04EC0-301F-11D3-BF4B-00C04F79EFBC}") = "hodgepodge", "hodgepodge\hodgepodge.csproj", "{16F03A99-F7CE-4FED-BED1-2CCFBE143C91}"
EndProject
Project("{FAE04EC0-301F-11D3-BF4B-00C04F79EFBC}") = "fetchIpList", "fetchIpList\fetchIpList.csproj", "{95F8D7AE-D5F5-46AD-A6F0-5448C9752E1C}"
EndProject
Project("{FAE04EC0-301F-11D3-BF4B-00C04F79EFBC}") = "cryptoTest", "cryptoTest\cryptoTest.csproj", "{E5468895-0B55-436E-9D53-4BE71273D9B1}"
EndProject
Project("{FAE04EC0-301F-11D3-BF4B-00C04F79EFBC}") = "deamon", "deamon\deamon.csproj", "{9D95923C-05A6-443E-BC13-4CB55E64D98F}"
EndProject
Project("{FAE04EC0-301F-11D3-BF4B-00C04F79EFBC}") = "myss.net", "myss.net\myss.net.csproj", "{FFCBA4CB-E942-4D3A-8BBC-80DAB40E20DB}"
EndProject
Project("{FAE04EC0-301F-11D3-BF4B-00C04F79EFBC}") = "ff14log", "ff14log\ff14log.csproj", "{5BC0E84F-836B-48B5-929C-B357A319687E}"
EndProject
Project("{FAE04EC0-301F-11D3-BF4B-00C04F79EFBC}") = "floatingPaper", "floatingPaper\floatingPaper.csproj", "{967D724B-BFC0-4A95-A5A6-BB5AA32E0BDC}"
EndProject
Project("{8BC9CEB8-8B4A-11D0-8D11-00A0C91BC942}") = "DisplayImage", "cvtest\DisplayImage.vcxproj", "{96887E08-7EAE-4057-B042-19DFBF27F0A8}"
EndProject
Project("{FAE04EC0-301F-11D3-BF4B-00C04F79EFBC}") = "oculusTest", "oculusTest\oculusTest.csproj", "{97B17E7E-243D-45DA-A986-20442C938EAF}"
EndProject
Project("{FAE04EC0-301F-11D3-BF4B-00C04F79EFBC}") = "sm", "sm\sm.csproj", "{94B69E35-A781-49BE-A672-5956EBF2F46D}"
EndProject
Global
	GlobalSection(SolutionConfigurationPlatforms) = preSolution
		Debug|Any CPU = Debug|Any CPU
		Debug|Mixed Platforms = Debug|Mixed Platforms
		Debug|Win32 = Debug|Win32
		MinSizeRel|Any CPU = MinSizeRel|Any CPU
		MinSizeRel|Mixed Platforms = MinSizeRel|Mixed Platforms
		MinSizeRel|Win32 = MinSizeRel|Win32
		Release|Any CPU = Release|Any CPU
		Release|Mixed Platforms = Release|Mixed Platforms
		Release|Win32 = Release|Win32
		RelWithDebInfo|Any CPU = RelWithDebInfo|Any CPU
		RelWithDebInfo|Mixed Platforms = RelWithDebInfo|Mixed Platforms
		RelWithDebInfo|Win32 = RelWithDebInfo|Win32
	EndGlobalSection
	GlobalSection(ProjectConfigurationPlatforms) = postSolution
		{16F03A99-F7CE-4FED-BED1-2CCFBE143C91}.Debug|Any CPU.ActiveCfg = Debug|Any CPU
		{16F03A99-F7CE-4FED-BED1-2CCFBE143C91}.Debug|Any CPU.Build.0 = Debug|Any CPU
		{16F03A99-F7CE-4FED-BED1-2CCFBE143C91}.Debug|Mixed Platforms.ActiveCfg = Debug|Any CPU
		{16F03A99-F7CE-4FED-BED1-2CCFBE143C91}.Debug|Mixed Platforms.Build.0 = Debug|Any CPU
		{16F03A99-F7CE-4FED-BED1-2CCFBE143C91}.Debug|Win32.ActiveCfg = Debug|Any CPU
		{16F03A99-F7CE-4FED-BED1-2CCFBE143C91}.MinSizeRel|Any CPU.ActiveCfg = Release|Any CPU
		{16F03A99-F7CE-4FED-BED1-2CCFBE143C91}.MinSizeRel|Any CPU.Build.0 = Release|Any CPU
		{16F03A99-F7CE-4FED-BED1-2CCFBE143C91}.MinSizeRel|Mixed Platforms.ActiveCfg = Release|Any CPU
		{16F03A99-F7CE-4FED-BED1-2CCFBE143C91}.MinSizeRel|Mixed Platforms.Build.0 = Release|Any CPU
		{16F03A99-F7CE-4FED-BED1-2CCFBE143C91}.MinSizeRel|Win32.ActiveCfg = Release|Any CPU
		{16F03A99-F7CE-4FED-BED1-2CCFBE143C91}.Release|Any CPU.ActiveCfg = Release|Any CPU
		{16F03A99-F7CE-4FED-BED1-2CCFBE143C91}.Release|Any CPU.Build.0 = Release|Any CPU
		{16F03A99-F7CE-4FED-BED1-2CCFBE143C91}.Release|Mixed Platforms.ActiveCfg = Release|Any CPU
		{16F03A99-F7CE-4FED-BED1-2CCFBE143C91}.Release|Mixed Platforms.Build.0 = Release|Any CPU
		{16F03A99-F7CE-4FED-BED1-2CCFBE143C91}.Release|Win32.ActiveCfg = Release|Any CPU
		{16F03A99-F7CE-4FED-BED1-2CCFBE143C91}.RelWithDebInfo|Any CPU.ActiveCfg = Release|Any CPU
		{16F03A99-F7CE-4FED-BED1-2CCFBE143C91}.RelWithDebInfo|Any CPU.Build.0 = Release|Any CPU
		{16F03A99-F7CE-4FED-BED1-2CCFBE143C91}.RelWithDebInfo|Mixed Platforms.ActiveCfg = Release|Any CPU
		{16F03A99-F7CE-4FED-BED1-2CCFBE143C91}.RelWithDebInfo|Mixed Platforms.Build.0 = Release|Any CPU
		{16F03A99-F7CE-4FED-BED1-2CCFBE143C91}.RelWithDebInfo|Win32.ActiveCfg = Release|Any CPU
		{95F8D7AE-D5F5-46AD-A6F0-5448C9752E1C}.Debug|Any CPU.ActiveCfg = Debug|Any CPU
		{95F8D7AE-D5F5-46AD-A6F0-5448C9752E1C}.Debug|Any CPU.Build.0 = Debug|Any CPU
		{95F8D7AE-D5F5-46AD-A6F0-5448C9752E1C}.Debug|Mixed Platforms.ActiveCfg = Debug|Any CPU
		{95F8D7AE-D5F5-46AD-A6F0-5448C9752E1C}.Debug|Mixed Platforms.Build.0 = Debug|Any CPU
		{95F8D7AE-D5F5-46AD-A6F0-5448C9752E1C}.Debug|Win32.ActiveCfg = Debug|Any CPU
		{95F8D7AE-D5F5-46AD-A6F0-5448C9752E1C}.MinSizeRel|Any CPU.ActiveCfg = Release|Any CPU
		{95F8D7AE-D5F5-46AD-A6F0-5448C9752E1C}.MinSizeRel|Any CPU.Build.0 = Release|Any CPU
		{95F8D7AE-D5F5-46AD-A6F0-5448C9752E1C}.MinSizeRel|Mixed Platforms.ActiveCfg = Release|Any CPU
		{95F8D7AE-D5F5-46AD-A6F0-5448C9752E1C}.MinSizeRel|Mixed Platforms.Build.0 = Release|Any CPU
		{95F8D7AE-D5F5-46AD-A6F0-5448C9752E1C}.MinSizeRel|Win32.ActiveCfg = Release|Any CPU
		{95F8D7AE-D5F5-46AD-A6F0-5448C9752E1C}.Release|Any CPU.ActiveCfg = Release|Any CPU
		{95F8D7AE-D5F5-46AD-A6F0-5448C9752E1C}.Release|Any CPU.Build.0 = Release|Any CPU
		{95F8D7AE-D5F5-46AD-A6F0-5448C9752E1C}.Release|Mixed Platforms.ActiveCfg = Release|Any CPU
		{95F8D7AE-D5F5-46AD-A6F0-5448C9752E1C}.Release|Mixed Platforms.Build.0 = Release|Any CPU
		{95F8D7AE-D5F5-46AD-A6F0-5448C9752E1C}.Release|Win32.ActiveCfg = Release|Any CPU
		{95F8D7AE-D5F5-46AD-A6F0-5448C9752E1C}.RelWithDebInfo|Any CPU.ActiveCfg = Release|Any CPU
		{95F8D7AE-D5F5-46AD-A6F0-5448C9752E1C}.RelWithDebInfo|Any CPU.Build.0 = Release|Any CPU
		{95F8D7AE-D5F5-46AD-A6F0-5448C9752E1C}.RelWithDebInfo|Mixed Platforms.ActiveCfg = Release|Any CPU
		{95F8D7AE-D5F5-46AD-A6F0-5448C9752E1C}.RelWithDebInfo|Mixed Platforms.Build.0 = Release|Any CPU
		{95F8D7AE-D5F5-46AD-A6F0-5448C9752E1C}.RelWithDebInfo|Win32.ActiveCfg = Release|Any CPU
		{E5468895-0B55-436E-9D53-4BE71273D9B1}.Debug|Any CPU.ActiveCfg = Debug|Any CPU
		{E5468895-0B55-436E-9D53-4BE71273D9B1}.Debug|Any CPU.Build.0 = Debug|Any CPU
		{E5468895-0B55-436E-9D53-4BE71273D9B1}.Debug|Mixed Platforms.ActiveCfg = Debug|Any CPU
		{E5468895-0B55-436E-9D53-4BE71273D9B1}.Debug|Mixed Platforms.Build.0 = Debug|Any CPU
		{E5468895-0B55-436E-9D53-4BE71273D9B1}.Debug|Win32.ActiveCfg = Debug|Any CPU
		{E5468895-0B55-436E-9D53-4BE71273D9B1}.MinSizeRel|Any CPU.ActiveCfg = Release|Any CPU
		{E5468895-0B55-436E-9D53-4BE71273D9B1}.MinSizeRel|Any CPU.Build.0 = Release|Any CPU
		{E5468895-0B55-436E-9D53-4BE71273D9B1}.MinSizeRel|Mixed Platforms.ActiveCfg = Release|Any CPU
		{E5468895-0B55-436E-9D53-4BE71273D9B1}.MinSizeRel|Mixed Platforms.Build.0 = Release|Any CPU
		{E5468895-0B55-436E-9D53-4BE71273D9B1}.MinSizeRel|Win32.ActiveCfg = Release|Any CPU
		{E5468895-0B55-436E-9D53-4BE71273D9B1}.Release|Any CPU.ActiveCfg = Release|Any CPU
		{E5468895-0B55-436E-9D53-4BE71273D9B1}.Release|Any CPU.Build.0 = Release|Any CPU
		{E5468895-0B55-436E-9D53-4BE71273D9B1}.Release|Mixed Platforms.ActiveCfg = Release|Any CPU
		{E5468895-0B55-436E-9D53-4BE71273D9B1}.Release|Mixed Platforms.Build.0 = Release|Any CPU
		{E5468895-0B55-436E-9D53-4BE71273D9B1}.Release|Win32.ActiveCfg = Release|Any CPU
		{E5468895-0B55-436E-9D53-4BE71273D9B1}.RelWithDebInfo|Any CPU.ActiveCfg = Release|Any CPU
		{E5468895-0B55-436E-9D53-4BE71273D9B1}.RelWithDebInfo|Any CPU.Build.0 = Release|Any CPU
		{E5468895-0B55-436E-9D53-4BE71273D9B1}.RelWithDebInfo|Mixed Platforms.ActiveCfg = Release|Any CPU
		{E5468895-0B55-436E-9D53-4BE71273D9B1}.RelWithDebInfo|Mixed Platforms.Build.0 = Release|Any CPU
		{E5468895-0B55-436E-9D53-4BE71273D9B1}.RelWithDebInfo|Win32.ActiveCfg = Release|Any CPU
		{9D95923C-05A6-443E-BC13-4CB55E64D98F}.Debug|Any CPU.ActiveCfg = Debug|Any CPU
		{9D95923C-05A6-443E-BC13-4CB55E64D98F}.Debug|Any CPU.Build.0 = Debug|Any CPU
		{9D95923C-05A6-443E-BC13-4CB55E64D98F}.Debug|Mixed Platforms.ActiveCfg = Debug|Any CPU
		{9D95923C-05A6-443E-BC13-4CB55E64D98F}.Debug|Mixed Platforms.Build.0 = Debug|Any CPU
		{9D95923C-05A6-443E-BC13-4CB55E64D98F}.Debug|Win32.ActiveCfg = Debug|Any CPU
		{9D95923C-05A6-443E-BC13-4CB55E64D98F}.MinSizeRel|Any CPU.ActiveCfg = Release|Any CPU
		{9D95923C-05A6-443E-BC13-4CB55E64D98F}.MinSizeRel|Any CPU.Build.0 = Release|Any CPU
		{9D95923C-05A6-443E-BC13-4CB55E64D98F}.MinSizeRel|Mixed Platforms.ActiveCfg = Release|Any CPU
		{9D95923C-05A6-443E-BC13-4CB55E64D98F}.MinSizeRel|Mixed Platforms.Build.0 = Release|Any CPU
		{9D95923C-05A6-443E-BC13-4CB55E64D98F}.MinSizeRel|Win32.ActiveCfg = Release|Any CPU
		{9D95923C-05A6-443E-BC13-4CB55E64D98F}.Release|Any CPU.ActiveCfg = Release|Any CPU
		{9D95923C-05A6-443E-BC13-4CB55E64D98F}.Release|Any CPU.Build.0 = Release|Any CPU
		{9D95923C-05A6-443E-BC13-4CB55E64D98F}.Release|Mixed Platforms.ActiveCfg = Release|Any CPU
		{9D95923C-05A6-443E-BC13-4CB55E64D98F}.Release|Mixed Platforms.Build.0 = Release|Any CPU
		{9D95923C-05A6-443E-BC13-4CB55E64D98F}.Release|Win32.ActiveCfg = Release|Any CPU
		{9D95923C-05A6-443E-BC13-4CB55E64D98F}.RelWithDebInfo|Any CPU.ActiveCfg = Release|Any CPU
		{9D95923C-05A6-443E-BC13-4CB55E64D98F}.RelWithDebInfo|Any CPU.Build.0 = Release|Any CPU
		{9D95923C-05A6-443E-BC13-4CB55E64D98F}.RelWithDebInfo|Mixed Platforms.ActiveCfg = Release|Any CPU
		{9D95923C-05A6-443E-BC13-4CB55E64D98F}.RelWithDebInfo|Mixed Platforms.Build.0 = Release|Any CPU
		{9D95923C-05A6-443E-BC13-4CB55E64D98F}.RelWithDebInfo|Win32.ActiveCfg = Release|Any CPU
		{FFCBA4CB-E942-4D3A-8BBC-80DAB40E20DB}.Debug|Any CPU.ActiveCfg = Debug|Any CPU
		{FFCBA4CB-E942-4D3A-8BBC-80DAB40E20DB}.Debug|Any CPU.Build.0 = Debug|Any CPU
		{FFCBA4CB-E942-4D3A-8BBC-80DAB40E20DB}.Debug|Mixed Platforms.ActiveCfg = Debug|Any CPU
		{FFCBA4CB-E942-4D3A-8BBC-80DAB40E20DB}.Debug|Mixed Platforms.Build.0 = Debug|Any CPU
		{FFCBA4CB-E942-4D3A-8BBC-80DAB40E20DB}.Debug|Win32.ActiveCfg = Debug|Any CPU
		{FFCBA4CB-E942-4D3A-8BBC-80DAB40E20DB}.MinSizeRel|Any CPU.ActiveCfg = Release|Any CPU
		{FFCBA4CB-E942-4D3A-8BBC-80DAB40E20DB}.MinSizeRel|Any CPU.Build.0 = Release|Any CPU
		{FFCBA4CB-E942-4D3A-8BBC-80DAB40E20DB}.MinSizeRel|Mixed Platforms.ActiveCfg = Release|Any CPU
		{FFCBA4CB-E942-4D3A-8BBC-80DAB40E20DB}.MinSizeRel|Mixed Platforms.Build.0 = Release|Any CPU
		{FFCBA4CB-E942-4D3A-8BBC-80DAB40E20DB}.MinSizeRel|Win32.ActiveCfg = Release|Any CPU
		{FFCBA4CB-E942-4D3A-8BBC-80DAB40E20DB}.Release|Any CPU.ActiveCfg = Release|Any CPU
		{FFCBA4CB-E942-4D3A-8BBC-80DAB40E20DB}.Release|Any CPU.Build.0 = Release|Any CPU
		{FFCBA4CB-E942-4D3A-8BBC-80DAB40E20DB}.Release|Mixed Platforms.ActiveCfg = Release|Any CPU
		{FFCBA4CB-E942-4D3A-8BBC-80DAB40E20DB}.Release|Mixed Platforms.Build.0 = Release|Any CPU
		{FFCBA4CB-E942-4D3A-8BBC-80DAB40E20DB}.Release|Win32.ActiveCfg = Release|Any CPU
		{FFCBA4CB-E942-4D3A-8BBC-80DAB40E20DB}.RelWithDebInfo|Any CPU.ActiveCfg = Release|Any CPU
		{FFCBA4CB-E942-4D3A-8BBC-80DAB40E20DB}.RelWithDebInfo|Any CPU.Build.0 = Release|Any CPU
		{FFCBA4CB-E942-4D3A-8BBC-80DAB40E20DB}.RelWithDebInfo|Mixed Platforms.ActiveCfg = Release|Any CPU
		{FFCBA4CB-E942-4D3A-8BBC-80DAB40E20DB}.RelWithDebInfo|Mixed Platforms.Build.0 = Release|Any CPU
		{FFCBA4CB-E942-4D3A-8BBC-80DAB40E20DB}.RelWithDebInfo|Win32.ActiveCfg = Release|Any CPU
		{5BC0E84F-836B-48B5-929C-B357A319687E}.Debug|Any CPU.ActiveCfg = Debug|Any CPU
		{5BC0E84F-836B-48B5-929C-B357A319687E}.Debug|Any CPU.Build.0 = Debug|Any CPU
		{5BC0E84F-836B-48B5-929C-B357A319687E}.Debug|Mixed Platforms.ActiveCfg = Debug|Any CPU
		{5BC0E84F-836B-48B5-929C-B357A319687E}.Debug|Mixed Platforms.Build.0 = Debug|Any CPU
		{5BC0E84F-836B-48B5-929C-B357A319687E}.Debug|Win32.ActiveCfg = Debug|Any CPU
		{5BC0E84F-836B-48B5-929C-B357A319687E}.MinSizeRel|Any CPU.ActiveCfg = Release|Any CPU
		{5BC0E84F-836B-48B5-929C-B357A319687E}.MinSizeRel|Any CPU.Build.0 = Release|Any CPU
		{5BC0E84F-836B-48B5-929C-B357A319687E}.MinSizeRel|Mixed Platforms.ActiveCfg = Release|Any CPU
		{5BC0E84F-836B-48B5-929C-B357A319687E}.MinSizeRel|Mixed Platforms.Build.0 = Release|Any CPU
		{5BC0E84F-836B-48B5-929C-B357A319687E}.MinSizeRel|Win32.ActiveCfg = Release|Any CPU
		{5BC0E84F-836B-48B5-929C-B357A319687E}.Release|Any CPU.ActiveCfg = Release|Any CPU
		{5BC0E84F-836B-48B5-929C-B357A319687E}.Release|Any CPU.Build.0 = Release|Any CPU
		{5BC0E84F-836B-48B5-929C-B357A319687E}.Release|Mixed Platforms.ActiveCfg = Release|Any CPU
		{5BC0E84F-836B-48B5-929C-B357A319687E}.Release|Mixed Platforms.Build.0 = Release|Any CPU
		{5BC0E84F-836B-48B5-929C-B357A319687E}.Release|Win32.ActiveCfg = Release|Any CPU
		{5BC0E84F-836B-48B5-929C-B357A319687E}.RelWithDebInfo|Any CPU.ActiveCfg = Release|Any CPU
		{5BC0E84F-836B-48B5-929C-B357A319687E}.RelWithDebInfo|Any CPU.Build.0 = Release|Any CPU
		{5BC0E84F-836B-48B5-929C-B357A319687E}.RelWithDebInfo|Mixed Platforms.ActiveCfg = Release|Any CPU
		{5BC0E84F-836B-48B5-929C-B357A319687E}.RelWithDebInfo|Mixed Platforms.Build.0 = Release|Any CPU
		{5BC0E84F-836B-48B5-929C-B357A319687E}.RelWithDebInfo|Win32.ActiveCfg = Release|Any CPU
		{967D724B-BFC0-4A95-A5A6-BB5AA32E0BDC}.Debug|Any CPU.ActiveCfg = Debug|Any CPU
		{967D724B-BFC0-4A95-A5A6-BB5AA32E0BDC}.Debug|Any CPU.Build.0 = Debug|Any CPU
		{967D724B-BFC0-4A95-A5A6-BB5AA32E0BDC}.Debug|Mixed Platforms.ActiveCfg = Debug|Any CPU
		{967D724B-BFC0-4A95-A5A6-BB5AA32E0BDC}.Debug|Mixed Platforms.Build.0 = Debug|Any CPU
		{967D724B-BFC0-4A95-A5A6-BB5AA32E0BDC}.Debug|Win32.ActiveCfg = Debug|Any CPU
		{967D724B-BFC0-4A95-A5A6-BB5AA32E0BDC}.MinSizeRel|Any CPU.ActiveCfg = Release|Any CPU
		{967D724B-BFC0-4A95-A5A6-BB5AA32E0BDC}.MinSizeRel|Any CPU.Build.0 = Release|Any CPU
		{967D724B-BFC0-4A95-A5A6-BB5AA32E0BDC}.MinSizeRel|Mixed Platforms.ActiveCfg = Release|Any CPU
		{967D724B-BFC0-4A95-A5A6-BB5AA32E0BDC}.MinSizeRel|Mixed Platforms.Build.0 = Release|Any CPU
		{967D724B-BFC0-4A95-A5A6-BB5AA32E0BDC}.MinSizeRel|Win32.ActiveCfg = Release|Any CPU
		{967D724B-BFC0-4A95-A5A6-BB5AA32E0BDC}.Release|Any CPU.ActiveCfg = Release|Any CPU
		{967D724B-BFC0-4A95-A5A6-BB5AA32E0BDC}.Release|Any CPU.Build.0 = Release|Any CPU
		{967D724B-BFC0-4A95-A5A6-BB5AA32E0BDC}.Release|Mixed Platforms.ActiveCfg = Release|Any CPU
		{967D724B-BFC0-4A95-A5A6-BB5AA32E0BDC}.Release|Mixed Platforms.Build.0 = Release|Any CPU
		{967D724B-BFC0-4A95-A5A6-BB5AA32E0BDC}.Release|Win32.ActiveCfg = Release|Any CPU
		{967D724B-BFC0-4A95-A5A6-BB5AA32E0BDC}.RelWithDebInfo|Any CPU.ActiveCfg = Release|Any CPU
		{967D724B-BFC0-4A95-A5A6-BB5AA32E0BDC}.RelWithDebInfo|Any CPU.Build.0 = Release|Any CPU
		{967D724B-BFC0-4A95-A5A6-BB5AA32E0BDC}.RelWithDebInfo|Mixed Platforms.ActiveCfg = Release|Any CPU
		{967D724B-BFC0-4A95-A5A6-BB5AA32E0BDC}.RelWithDebInfo|Mixed Platforms.Build.0 = Release|Any CPU
		{967D724B-BFC0-4A95-A5A6-BB5AA32E0BDC}.RelWithDebInfo|Win32.ActiveCfg = Release|Any CPU
		{96887E08-7EAE-4057-B042-19DFBF27F0A8}.Debug|Any CPU.ActiveCfg = Debug|Win32
		{96887E08-7EAE-4057-B042-19DFBF27F0A8}.Debug|Mixed Platforms.ActiveCfg = Debug|Win32
		{96887E08-7EAE-4057-B042-19DFBF27F0A8}.Debug|Mixed Platforms.Build.0 = Debug|Win32
		{96887E08-7EAE-4057-B042-19DFBF27F0A8}.Debug|Win32.ActiveCfg = Debug|Win32
		{96887E08-7EAE-4057-B042-19DFBF27F0A8}.Debug|Win32.Build.0 = Debug|Win32
		{96887E08-7EAE-4057-B042-19DFBF27F0A8}.MinSizeRel|Any CPU.ActiveCfg = MinSizeRel|Win32
		{96887E08-7EAE-4057-B042-19DFBF27F0A8}.MinSizeRel|Mixed Platforms.ActiveCfg = MinSizeRel|Win32
		{96887E08-7EAE-4057-B042-19DFBF27F0A8}.MinSizeRel|Mixed Platforms.Build.0 = MinSizeRel|Win32
		{96887E08-7EAE-4057-B042-19DFBF27F0A8}.MinSizeRel|Win32.ActiveCfg = MinSizeRel|Win32
		{96887E08-7EAE-4057-B042-19DFBF27F0A8}.MinSizeRel|Win32.Build.0 = MinSizeRel|Win32
		{96887E08-7EAE-4057-B042-19DFBF27F0A8}.Release|Any CPU.ActiveCfg = Release|Win32
		{96887E08-7EAE-4057-B042-19DFBF27F0A8}.Release|Mixed Platforms.ActiveCfg = Release|Win32
		{96887E08-7EAE-4057-B042-19DFBF27F0A8}.Release|Mixed Platforms.Build.0 = Release|Win32
		{96887E08-7EAE-4057-B042-19DFBF27F0A8}.Release|Win32.ActiveCfg = Release|Win32
		{96887E08-7EAE-4057-B042-19DFBF27F0A8}.Release|Win32.Build.0 = Release|Win32
		{96887E08-7EAE-4057-B042-19DFBF27F0A8}.RelWithDebInfo|Any CPU.ActiveCfg = RelWithDebInfo|Win32
		{96887E08-7EAE-4057-B042-19DFBF27F0A8}.RelWithDebInfo|Mixed Platforms.ActiveCfg = RelWithDebInfo|Win32
		{96887E08-7EAE-4057-B042-19DFBF27F0A8}.RelWithDebInfo|Mixed Platforms.Build.0 = RelWithDebInfo|Win32
		{96887E08-7EAE-4057-B042-19DFBF27F0A8}.RelWithDebInfo|Win32.ActiveCfg = RelWithDebInfo|Win32
		{96887E08-7EAE-4057-B042-19DFBF27F0A8}.RelWithDebInfo|Win32.Build.0 = RelWithDebInfo|Win32
		{97B17E7E-243D-45DA-A986-20442C938EAF}.Debug|Any CPU.ActiveCfg = Debug|Any CPU
		{97B17E7E-243D-45DA-A986-20442C938EAF}.Debug|Any CPU.Build.0 = Debug|Any CPU
		{97B17E7E-243D-45DA-A986-20442C938EAF}.Debug|Mixed Platforms.ActiveCfg = Debug|Any CPU
		{97B17E7E-243D-45DA-A986-20442C938EAF}.Debug|Mixed Platforms.Build.0 = Debug|Any CPU
		{97B17E7E-243D-45DA-A986-20442C938EAF}.Debug|Win32.ActiveCfg = Debug|Any CPU
		{97B17E7E-243D-45DA-A986-20442C938EAF}.MinSizeRel|Any CPU.ActiveCfg = Release|Any CPU
		{97B17E7E-243D-45DA-A986-20442C938EAF}.MinSizeRel|Any CPU.Build.0 = Release|Any CPU
		{97B17E7E-243D-45DA-A986-20442C938EAF}.MinSizeRel|Mixed Platforms.ActiveCfg = Release|Any CPU
		{97B17E7E-243D-45DA-A986-20442C938EAF}.MinSizeRel|Mixed Platforms.Build.0 = Release|Any CPU
		{97B17E7E-243D-45DA-A986-20442C938EAF}.MinSizeRel|Win32.ActiveCfg = Release|Any CPU
		{97B17E7E-243D-45DA-A986-20442C938EAF}.Release|Any CPU.ActiveCfg = Release|Any CPU
		{97B17E7E-243D-45DA-A986-20442C938EAF}.Release|Any CPU.Build.0 = Release|Any CPU
		{97B17E7E-243D-45DA-A986-20442C938EAF}.Release|Mixed Platforms.ActiveCfg = Release|Any CPU
		{97B17E7E-243D-45DA-A986-20442C938EAF}.Release|Mixed Platforms.Build.0 = Release|Any CPU
		{97B17E7E-243D-45DA-A986-20442C938EAF}.Release|Win32.ActiveCfg = Release|Any CPU
		{97B17E7E-243D-45DA-A986-20442C938EAF}.RelWithDebInfo|Any CPU.ActiveCfg = Release|Any CPU
		{97B17E7E-243D-45DA-A986-20442C938EAF}.RelWithDebInfo|Any CPU.Build.0 = Release|Any CPU
		{97B17E7E-243D-45DA-A986-20442C938EAF}.RelWithDebInfo|Mixed Platforms.ActiveCfg = Release|Any CPU
		{97B17E7E-243D-45DA-A986-20442C938EAF}.RelWithDebInfo|Mixed Platforms.Build.0 = Release|Any CPU
		{97B17E7E-243D-45DA-A986-20442C938EAF}.RelWithDebInfo|Win32.ActiveCfg = Release|Any CPU
		{94B69E35-A781-49BE-A672-5956EBF2F46D}.Debug|Any CPU.ActiveCfg = Debug|Any CPU
		{94B69E35-A781-49BE-A672-5956EBF2F46D}.Debug|Any CPU.Build.0 = Debug|Any CPU
		{94B69E35-A781-49BE-A672-5956EBF2F46D}.Debug|Mixed Platforms.ActiveCfg = Debug|Any CPU
		{94B69E35-A781-49BE-A672-5956EBF2F46D}.Debug|Mixed Platforms.Build.0 = Debug|Any CPU
		{94B69E35-A781-49BE-A672-5956EBF2F46D}.Debug|Win32.ActiveCfg = Debug|Any CPU
		{94B69E35-A781-49BE-A672-5956EBF2F46D}.MinSizeRel|Any CPU.ActiveCfg = Release|Any CPU
		{94B69E35-A781-49BE-A672-5956EBF2F46D}.MinSizeRel|Any CPU.Build.0 = Release|Any CPU
		{94B69E35-A781-49BE-A672-5956EBF2F46D}.MinSizeRel|Mixed Platforms.ActiveCfg = Release|Any CPU
		{94B69E35-A781-49BE-A672-5956EBF2F46D}.MinSizeRel|Mixed Platforms.Build.0 = Release|Any CPU
		{94B69E35-A781-49BE-A672-5956EBF2F46D}.MinSizeRel|Win32.ActiveCfg = Release|Any CPU
		{94B69E35-A781-49BE-A672-5956EBF2F46D}.Release|Any CPU.ActiveCfg = Release|Any CPU
		{94B69E35-A781-49BE-A672-5956EBF2F46D}.Release|Any CPU.Build.0 = Release|Any CPU
		{94B69E35-A781-49BE-A672-5956EBF2F46D}.Release|Mixed Platforms.ActiveCfg = Release|Any CPU
		{94B69E35-A781-49BE-A672-5956EBF2F46D}.Release|Mixed Platforms.Build.0 = Release|Any CPU
		{94B69E35-A781-49BE-A672-5956EBF2F46D}.Release|Win32.ActiveCfg = Release|Any CPU
		{94B69E35-A781-49BE-A672-5956EBF2F46D}.RelWithDebInfo|Any CPU.ActiveCfg = Release|Any CPU
		{94B69E35-A781-49BE-A672-5956EBF2F46D}.RelWithDebInfo|Any CPU.Build.0 = Release|Any CPU
		{94B69E35-A781-49BE-A672-5956EBF2F46D}.RelWithDebInfo|Mixed Platforms.ActiveCfg = Release|Any CPU
		{94B69E35-A781-49BE-A672-5956EBF2F46D}.RelWithDebInfo|Mixed Platforms.Build.0 = Release|Any CPU
		{94B69E35-A781-49BE-A672-5956EBF2F46D}.RelWithDebInfo|Win32.ActiveCfg = Release|Any CPU
	EndGlobalSection
	GlobalSection(SolutionProperties) = preSolution
		HideSolutionNode = FALSE
	EndGlobalSection
EndGlobal
