
Microsoft Visual Studio Solution File, Format Version 12.00
# Visual Studio 15
VisualStudioVersion = 15.0.28010.2003
MinimumVisualStudioVersion = 10.0.40219.1
Project("{FAE04EC0-301F-11D3-BF4B-00C04F79EFBC}") = "hodgepodge", "hodgepodge\hodgepodge.csproj", "{16F03A99-F7CE-4FED-BED1-2CCFBE143C91}"
EndProject
Project("{FAE04EC0-301F-11D3-BF4B-00C04F79EFBC}") = "fetchIpList", "fetchIpList\fetchIpList.csproj", "{95F8D7AE-D5F5-46AD-A6F0-5448C9752E1C}"
EndProject
Project("{FAE04EC0-301F-11D3-BF4B-00C04F79EFBC}") = "cryptoTest", "cryptoTest\cryptoTest.csproj", "{E5468895-0B55-436E-9D53-4BE71273D9B1}"
EndProject
Project("{FAE04EC0-301F-11D3-BF4B-00C04F79EFBC}") = "deamon", "deamon\deamon.csproj", "{9D95923C-05A6-443E-BC13-4CB55E64D98F}"
EndProject
Project("{FAE04EC0-301F-11D3-BF4B-00C04F79EFBC}") = "myss.net", "myss.net\myss.net.csproj", "{FFCBA4CB-E942-4D3A-8BBC-80DAB40E20DB}"
EndProject
Project("{FAE04EC0-301F-11D3-BF4B-00C04F79EFBC}") = "ff14log", "ff14log\ff14log.csproj", "{5BC0E84F-836B-48B5-929C-B357A319687E}"
EndProject
Project("{FAE04EC0-301F-11D3-BF4B-00C04F79EFBC}") = "floatingPaper", "floatingPaper\floatingPaper.csproj", "{967D724B-BFC0-4A95-A5A6-BB5AA32E0BDC}"
EndProject
Project("{FAE04EC0-301F-11D3-BF4B-00C04F79EFBC}") = "genComb", "genComb\genComb.csproj", "{C53FF4FF-14D4-491F-9629-80CB916CBF58}"
EndProject
Project("{FAE04EC0-301F-11D3-BF4B-00C04F79EFBC}") = "ValidateIncomeTax", "ValidateIncomeTax\ValidateIncomeTax.csproj", "{16B2D82B-647A-4DB3-88CB-A92B1A9E2764}"
EndProject
Global
	GlobalSection(SolutionConfigurationPlatforms) = preSolution
		Debug|Any CPU = Debug|Any CPU
		Release|Any CPU = Release|Any CPU
	EndGlobalSection
	GlobalSection(ProjectConfigurationPlatforms) = postSolution
		{16F03A99-F7CE-4FED-BED1-2CCFBE143C91}.Debug|Any CPU.ActiveCfg = Debug|Any CPU
		{16F03A99-F7CE-4FED-BED1-2CCFBE143C91}.Debug|Any CPU.Build.0 = Debug|Any CPU
		{16F03A99-F7CE-4FED-BED1-2CCFBE143C91}.Release|Any CPU.ActiveCfg = Release|Any CPU
		{16F03A99-F7CE-4FED-BED1-2CCFBE143C91}.Release|Any CPU.Build.0 = Release|Any CPU
		{95F8D7AE-D5F5-46AD-A6F0-5448C9752E1C}.Debug|Any CPU.ActiveCfg = Debug|Any CPU
		{95F8D7AE-D5F5-46AD-A6F0-5448C9752E1C}.Debug|Any CPU.Build.0 = Debug|Any CPU
		{95F8D7AE-D5F5-46AD-A6F0-5448C9752E1C}.Release|Any CPU.ActiveCfg = Release|Any CPU
		{95F8D7AE-D5F5-46AD-A6F0-5448C9752E1C}.Release|Any CPU.Build.0 = Release|Any CPU
		{E5468895-0B55-436E-9D53-4BE71273D9B1}.Debug|Any CPU.ActiveCfg = Debug|Any CPU
		{E5468895-0B55-436E-9D53-4BE71273D9B1}.Debug|Any CPU.Build.0 = Debug|Any CPU
		{E5468895-0B55-436E-9D53-4BE71273D9B1}.Release|Any CPU.ActiveCfg = Release|Any CPU
		{E5468895-0B55-436E-9D53-4BE71273D9B1}.Release|Any CPU.Build.0 = Release|Any CPU
		{9D95923C-05A6-443E-BC13-4CB55E64D98F}.Debug|Any CPU.ActiveCfg = Debug|Any CPU
		{9D95923C-05A6-443E-BC13-4CB55E64D98F}.Debug|Any CPU.Build.0 = Debug|Any CPU
		{9D95923C-05A6-443E-BC13-4CB55E64D98F}.Release|Any CPU.ActiveCfg = Release|Any CPU
		{9D95923C-05A6-443E-BC13-4CB55E64D98F}.Release|Any CPU.Build.0 = Release|Any CPU
		{FFCBA4CB-E942-4D3A-8BBC-80DAB40E20DB}.Debug|Any CPU.ActiveCfg = Debug|Any CPU
		{FFCBA4CB-E942-4D3A-8BBC-80DAB40E20DB}.Debug|Any CPU.Build.0 = Debug|Any CPU
		{FFCBA4CB-E942-4D3A-8BBC-80DAB40E20DB}.Release|Any CPU.ActiveCfg = Release|Any CPU
		{FFCBA4CB-E942-4D3A-8BBC-80DAB40E20DB}.Release|Any CPU.Build.0 = Release|Any CPU
		{5BC0E84F-836B-48B5-929C-B357A319687E}.Debug|Any CPU.ActiveCfg = Debug|Any CPU
		{5BC0E84F-836B-48B5-929C-B357A319687E}.Debug|Any CPU.Build.0 = Debug|Any CPU
		{5BC0E84F-836B-48B5-929C-B357A319687E}.Release|Any CPU.ActiveCfg = Release|Any CPU
		{5BC0E84F-836B-48B5-929C-B357A319687E}.Release|Any CPU.Build.0 = Release|Any CPU
		{967D724B-BFC0-4A95-A5A6-BB5AA32E0BDC}.Debug|Any CPU.ActiveCfg = Debug|Any CPU
		{967D724B-BFC0-4A95-A5A6-BB5AA32E0BDC}.Debug|Any CPU.Build.0 = Debug|Any CPU
		{967D724B-BFC0-4A95-A5A6-BB5AA32E0BDC}.Release|Any CPU.ActiveCfg = Release|Any CPU
		{967D724B-BFC0-4A95-A5A6-BB5AA32E0BDC}.Release|Any CPU.Build.0 = Release|Any CPU
		{C53FF4FF-14D4-491F-9629-80CB916CBF58}.Debug|Any CPU.ActiveCfg = Debug|Any CPU
		{C53FF4FF-14D4-491F-9629-80CB916CBF58}.Debug|Any CPU.Build.0 = Debug|Any CPU
		{C53FF4FF-14D4-491F-9629-80CB916CBF58}.Release|Any CPU.ActiveCfg = Release|Any CPU
		{C53FF4FF-14D4-491F-9629-80CB916CBF58}.Release|Any CPU.Build.0 = Release|Any CPU
		{16B2D82B-647A-4DB3-88CB-A92B1A9E2764}.Debug|Any CPU.ActiveCfg = Debug|Any CPU
		{16B2D82B-647A-4DB3-88CB-A92B1A9E2764}.Debug|Any CPU.Build.0 = Debug|Any CPU
		{16B2D82B-647A-4DB3-88CB-A92B1A9E2764}.Release|Any CPU.ActiveCfg = Release|Any CPU
		{16B2D82B-647A-4DB3-88CB-A92B1A9E2764}.Release|Any CPU.Build.0 = Release|Any CPU
	EndGlobalSection
	GlobalSection(SolutionProperties) = preSolution
		HideSolutionNode = FALSE
	EndGlobalSection
	GlobalSection(ExtensibilityGlobals) = postSolution
		SolutionGuid = {BD610084-8F0E-480E-8CB0-F4497E3EE7E5}
	EndGlobalSection
EndGlobal
