
Microsoft Visual Studio Solution File, Format Version 12.00
# Visual Studio 14
VisualStudioVersion = 14.0.24720.0
MinimumVisualStudioVersion = 10.0.40219.1
Project("{FAE04EC0-301F-11D3-BF4B-00C04F79EFBC}") = "GithubTest", "GithubTest\GithubTest.csproj", "{1D0818AB-1128-416D-AEDB-1DCDDAA249B3}"
EndProject
Project("{FAE04EC0-301F-11D3-BF4B-00C04F79EFBC}") = "GithubSync", "GithubSync\GithubSync.csproj", "{63C7E3B1-F049-424B-B789-E80EF651F034}"
EndProject
Global
	GlobalSection(SolutionConfigurationPlatforms) = preSolution
		Debug|Any CPU = Debug|Any CPU
		Release|Any CPU = Release|Any CPU
	EndGlobalSection
	GlobalSection(ProjectConfigurationPlatforms) = postSolution
		{1D0818AB-1128-416D-AEDB-1DCDDAA249B3}.Debug|Any CPU.ActiveCfg = Debug|Any CPU
		{1D0818AB-1128-416D-AEDB-1DCDDAA249B3}.Debug|Any CPU.Build.0 = Debug|Any CPU
		{1D0818AB-1128-416D-AEDB-1DCDDAA249B3}.Release|Any CPU.ActiveCfg = Release|Any CPU
		{1D0818AB-1128-416D-AEDB-1DCDDAA249B3}.Release|Any CPU.Build.0 = Release|Any CPU
		{63C7E3B1-F049-424B-B789-E80EF651F034}.Debug|Any CPU.ActiveCfg = Debug|Any CPU
		{63C7E3B1-F049-424B-B789-E80EF651F034}.Debug|Any CPU.Build.0 = Debug|Any CPU
		{63C7E3B1-F049-424B-B789-E80EF651F034}.Release|Any CPU.ActiveCfg = Release|Any CPU
		{63C7E3B1-F049-424B-B789-E80EF651F034}.Release|Any CPU.Build.0 = Release|Any CPU
	EndGlobalSection
	GlobalSection(SolutionProperties) = preSolution
		HideSolutionNode = FALSE
	EndGlobalSection
EndGlobal
