
Microsoft Visual Studio Solution File, Format Version 12.00
# Visual Studio 15
VisualStudioVersion = 15.0.28307.271
MinimumVisualStudioVersion = 10.0.40219.1
Project("{FAE04EC0-301F-11D3-BF4B-00C04F79EFBC}") = "MyMixerChat", "MyMixerChat\MyMixerChat.csproj", "{39D0F042-886A-42A9-876A-85EC77FF8073}"
EndProject
Global
	GlobalSection(SolutionConfigurationPlatforms) = preSolution
		Debug|Any CPU = Debug|Any CPU
		Release|Any CPU = Release|Any CPU
	EndGlobalSection
	GlobalSection(ProjectConfigurationPlatforms) = postSolution
		{39D0F042-886A-42A9-876A-85EC77FF8073}.Debug|Any CPU.ActiveCfg = Debug|Any CPU
		{39D0F042-886A-42A9-876A-85EC77FF8073}.Debug|Any CPU.Build.0 = Debug|Any CPU
		{39D0F042-886A-42A9-876A-85EC77FF8073}.Release|Any CPU.ActiveCfg = Release|Any CPU
		{39D0F042-886A-42A9-876A-85EC77FF8073}.Release|Any CPU.Build.0 = Release|Any CPU
	EndGlobalSection
	GlobalSection(SolutionProperties) = preSolution
		HideSolutionNode = FALSE
	EndGlobalSection
	GlobalSection(ExtensibilityGlobals) = postSolution
		SolutionGuid = {361D562B-F528-48BE-A26A-B46A632322B8}
	EndGlobalSection
EndGlobal
