
Microsoft Visual Studio Solution File, Format Version 12.00
# Visual Studio 15
VisualStudioVersion = 15.0.27130.2024
MinimumVisualStudioVersion = 10.0.40219.1
Project("{FAE04EC0-301F-11D3-BF4B-00C04F79EFBC}") = "WorkingTime", "WorkingTime\WorkingTime.csproj", "{464AE688-77C5-42A1-BA45-63E4A0FE28E4}"
EndProject
Global
	GlobalSection(SolutionConfigurationPlatforms) = preSolution
		Debug|Any CPU = Debug|Any CPU
		Release|Any CPU = Release|Any CPU
	EndGlobalSection
	GlobalSection(ProjectConfigurationPlatforms) = postSolution
		{464AE688-77C5-42A1-BA45-63E4A0FE28E4}.Debug|Any CPU.ActiveCfg = Debug|Any CPU
		{464AE688-77C5-42A1-BA45-63E4A0FE28E4}.Debug|Any CPU.Build.0 = Debug|Any CPU
		{464AE688-77C5-42A1-BA45-63E4A0FE28E4}.Release|Any CPU.ActiveCfg = Release|Any CPU
		{464AE688-77C5-42A1-BA45-63E4A0FE28E4}.Release|Any CPU.Build.0 = Release|Any CPU
	EndGlobalSection
	GlobalSection(SolutionProperties) = preSolution
		HideSolutionNode = FALSE
	EndGlobalSection
	GlobalSection(ExtensibilityGlobals) = postSolution
		SolutionGuid = {26B5D5F8-20A2-4F03-B99B-B64981BA00F1}
	EndGlobalSection
EndGlobal
