
Microsoft Visual Studio Solution File, Format Version 12.00
# Visual Studio 15
VisualStudioVersion = 15.0.27004.2006
MinimumVisualStudioVersion = 10.0.40219.1
Project("{FAE04EC0-301F-11D3-BF4B-00C04F79EFBC}") = "GeckoTest", "GeckoTest\GeckoTest.csproj", "{66A365C0-B4B6-427B-9120-A44F0269FF40}"
EndProject
Project("{FAE04EC0-301F-11D3-BF4B-00C04F79EFBC}") = "WpfGecko", "WpfGecko\WpfGecko.csproj", "{B0B145BE-D4C5-4223-8998-2ACE9602A898}"
EndProject
Global
	GlobalSection(SolutionConfigurationPlatforms) = preSolution
		Debug|Any CPU = Debug|Any CPU
		Release|Any CPU = Release|Any CPU
	EndGlobalSection
	GlobalSection(ProjectConfigurationPlatforms) = postSolution
		{66A365C0-B4B6-427B-9120-A44F0269FF40}.Debug|Any CPU.ActiveCfg = Debug|Any CPU
		{66A365C0-B4B6-427B-9120-A44F0269FF40}.Debug|Any CPU.Build.0 = Debug|Any CPU
		{66A365C0-B4B6-427B-9120-A44F0269FF40}.Release|Any CPU.ActiveCfg = Release|Any CPU
		{66A365C0-B4B6-427B-9120-A44F0269FF40}.Release|Any CPU.Build.0 = Release|Any CPU
		{B0B145BE-D4C5-4223-8998-2ACE9602A898}.Debug|Any CPU.ActiveCfg = Debug|Any CPU
		{B0B145BE-D4C5-4223-8998-2ACE9602A898}.Debug|Any CPU.Build.0 = Debug|Any CPU
		{B0B145BE-D4C5-4223-8998-2ACE9602A898}.Release|Any CPU.ActiveCfg = Release|Any CPU
		{B0B145BE-D4C5-4223-8998-2ACE9602A898}.Release|Any CPU.Build.0 = Release|Any CPU
	EndGlobalSection
	GlobalSection(SolutionProperties) = preSolution
		HideSolutionNode = FALSE
	EndGlobalSection
	GlobalSection(ExtensibilityGlobals) = postSolution
		SolutionGuid = {FE291B0B-6332-4FE4-9628-6125CACD4608}
	EndGlobalSection
EndGlobal
